
Microsoft Visual Studio Solution File, Format Version 12.00
# Visual Studio Version 17
VisualStudioVersion = 17.14.36429.23 d17.14
MinimumVisualStudioVersion = 10.0.40219.1
Project("{FAE04EC0-301F-11D3-BF4B-00C04F79EFBC}") = "NewsHub", "NewsHub\NewsHub.csproj", "{060EA832-9BD5-4C42-95B3-B1C794B4822F}"
EndProject
Global
	GlobalSection(SolutionConfigurationPlatforms) = preSolution
		Debug|Any CPU = Debug|Any CPU
		Release|Any CPU = Release|Any CPU
	EndGlobalSection
	GlobalSection(ProjectConfigurationPlatforms) = postSolution
		{060EA832-9BD5-4C42-95B3-B1C794B4822F}.Debug|Any CPU.ActiveCfg = Debug|Any CPU
		{060EA832-9BD5-4C42-95B3-B1C794B4822F}.Debug|Any CPU.Build.0 = Debug|Any CPU
		{060EA832-9BD5-4C42-95B3-B1C794B4822F}.Release|Any CPU.ActiveCfg = Release|Any CPU
		{060EA832-9BD5-4C42-95B3-B1C794B4822F}.Release|Any CPU.Build.0 = Release|Any CPU
	EndGlobalSection
	GlobalSection(SolutionProperties) = preSolution
		HideSolutionNode = FALSE
	EndGlobalSection
	GlobalSection(ExtensibilityGlobals) = postSolution
		SolutionGuid = {546474EB-58DC-4207-9FC7-21E0695318B2}
	EndGlobalSection
EndGlobal
